// !$*UTF8*$!
{
	archiveVersion = 1;
	classes = {
	};
	objectVersion = 50;
	objects = {

/* Begin PBXBuildFile section */
		5B41B6E124FC33080058C150 /* AppDelegate.swift in Sources */ = {isa = PBXBuildFile; fileRef = 5B41B6E024FC33080058C150 /* AppDelegate.swift */; };
		5B41B6E324FC33080058C150 /* SceneDelegate.swift in Sources */ = {isa = PBXBuildFile; fileRef = 5B41B6E224FC33080058C150 /* SceneDelegate.swift */; };
		5B41B6E524FC33080058C150 /* RecordSoundsViewController.swift in Sources */ = {isa = PBXBuildFile; fileRef = 5B41B6E424FC33080058C150 /* RecordSoundsViewController.swift */; };
		5B41B6E824FC33080058C150 /* Main.storyboard in Resources */ = {isa = PBXBuildFile; fileRef = 5B41B6E624FC33080058C150 /* Main.storyboard */; };
		5B41B6EA24FC33260058C150 /* Assets.xcassets in Resources */ = {isa = PBXBuildFile; fileRef = 5B41B6E924FC33260058C150 /* Assets.xcassets */; };
		5B41B6ED24FC33260058C150 /* LaunchScreen.storyboard in Resources */ = {isa = PBXBuildFile; fileRef = 5B41B6EB24FC33260058C150 /* LaunchScreen.storyboard */; };
		5B41B6F824FC33280058C150 /* PitchPerfect2Tests.swift in Sources */ = {isa = PBXBuildFile; fileRef = 5B41B6F724FC33280058C150 /* PitchPerfect2Tests.swift */; };
		5B41B70324FC33280058C150 /* PitchPerfect2UITests.swift in Sources */ = {isa = PBXBuildFile; fileRef = 5B41B70224FC33280058C150 /* PitchPerfect2UITests.swift */; };
		5BA6D6532516E4FF00058C36 /* PlaySoundsViewController.swift in Sources */ = {isa = PBXBuildFile; fileRef = 5BA6D6522516E4FF00058C36 /* PlaySoundsViewController.swift */; };
		5BD083AC2517F6D40080EC15 /* playsoundsviewcontroller-audio.swift in Sources */ = {isa = PBXBuildFile; fileRef = 5BD083AB2517F6D40080EC15 /* playsoundsviewcontroller-audio.swift */; };
/* End PBXBuildFile section */

/* Begin PBXContainerItemProxy section */
		5B41B6F424FC33280058C150 /* PBXContainerItemProxy */ = {
			isa = PBXContainerItemProxy;
			containerPortal = 5B41B6D524FC33070058C150 /* Project object */;
			proxyType = 1;
			remoteGlobalIDString = 5B41B6DC24FC33070058C150;
			remoteInfo = PitchPerfect2;
		};
		5B41B6FF24FC33280058C150 /* PBXContainerItemProxy */ = {
			isa = PBXContainerItemProxy;
			containerPortal = 5B41B6D524FC33070058C150 /* Project object */;
			proxyType = 1;
			remoteGlobalIDString = 5B41B6DC24FC33070058C150;
			remoteInfo = PitchPerfect2;
		};
/* End PBXContainerItemProxy section */

/* Begin PBXFileReference section */
		5B41B6DD24FC33070058C150 /* PitchPerfect2.app */ = {isa = PBXFileReference; explicitFileType = wrapper.application; includeInIndex = 0; path = PitchPerfect2.app; sourceTree = BUILT_PRODUCTS_DIR; };
		5B41B6E024FC33080058C150 /* AppDelegate.swift */ = {isa = PBXFileReference; lastKnownFileType = sourcecode.swift; path = AppDelegate.swift; sourceTree = "<group>"; };
		5B41B6E224FC33080058C150 /* SceneDelegate.swift */ = {isa = PBXFileReference; lastKnownFileType = sourcecode.swift; path = SceneDelegate.swift; sourceTree = "<group>"; };
		5B41B6E424FC33080058C150 /* RecordSoundsViewController.swift */ = {isa = PBXFileReference; lastKnownFileType = sourcecode.swift; path = RecordSoundsViewController.swift; sourceTree = "<group>"; };
		5B41B6E724FC33080058C150 /* Base */ = {isa = PBXFileReference; lastKnownFileType = file.storyboard; name = Base; path = Base.lproj/Main.storyboard; sourceTree = "<group>"; };
		5B41B6E924FC33260058C150 /* Assets.xcassets */ = {isa = PBXFileReference; lastKnownFileType = folder.assetcatalog; path = Assets.xcassets; sourceTree = "<group>"; };
		5B41B6EC24FC33260058C150 /* Base */ = {isa = PBXFileReference; lastKnownFileType = file.storyboard; name = Base; path = Base.lproj/LaunchScreen.storyboard; sourceTree = "<group>"; };
		5B41B6EE24FC33260058C150 /* Info.plist */ = {isa = PBXFileReference; lastKnownFileType = text.plist.xml; path = Info.plist; sourceTree = "<group>"; };
		5B41B6F324FC33280058C150 /* PitchPerfect2Tests.xctest */ = {isa = PBXFileReference; explicitFileType = wrapper.cfbundle; includeInIndex = 0; path = PitchPerfect2Tests.xctest; sourceTree = BUILT_PRODUCTS_DIR; };
		5B41B6F724FC33280058C150 /* PitchPerfect2Tests.swift */ = {isa = PBXFileReference; lastKnownFileType = sourcecode.swift; path = PitchPerfect2Tests.swift; sourceTree = "<group>"; };
		5B41B6F924FC33280058C150 /* Info.plist */ = {isa = PBXFileReference; lastKnownFileType = text.plist.xml; path = Info.plist; sourceTree = "<group>"; };
		5B41B6FE24FC33280058C150 /* PitchPerfect2UITests.xctest */ = {isa = PBXFileReference; explicitFileType = wrapper.cfbundle; includeInIndex = 0; path = PitchPerfect2UITests.xctest; sourceTree = BUILT_PRODUCTS_DIR; };
		5B41B70224FC33280058C150 /* PitchPerfect2UITests.swift */ = {isa = PBXFileReference; lastKnownFileType = sourcecode.swift; path = PitchPerfect2UITests.swift; sourceTree = "<group>"; };
		5B41B70424FC33280058C150 /* Info.plist */ = {isa = PBXFileReference; lastKnownFileType = text.plist.xml; path = Info.plist; sourceTree = "<group>"; };
		5BA6D6522516E4FF00058C36 /* PlaySoundsViewController.swift */ = {isa = PBXFileReference; lastKnownFileType = sourcecode.swift; path = PlaySoundsViewController.swift; sourceTree = "<group>"; };
		5BD083AB2517F6D40080EC15 /* playsoundsviewcontroller-audio.swift */ = {isa = PBXFileReference; fileEncoding = 4; lastKnownFileType = sourcecode.swift; path = "playsoundsviewcontroller-audio.swift"; sourceTree = "<group>"; };
/* End PBXFileReference section */

/* Begin PBXFrameworksBuildPhase section */
		5B41B6DA24FC33070058C150 /* Frameworks */ = {
			isa = PBXFrameworksBuildPhase;
			buildActionMask = 2147483647;
			files = (
			);
			runOnlyForDeploymentPostprocessing = 0;
		};
		5B41B6F024FC33280058C150 /* Frameworks */ = {
			isa = PBXFrameworksBuildPhase;
			buildActionMask = 2147483647;
			files = (
			);
			runOnlyForDeploymentPostprocessing = 0;
		};
		5B41B6FB24FC33280058C150 /* Frameworks */ = {
			isa = PBXFrameworksBuildPhase;
			buildActionMask = 2147483647;
			files = (
			);
			runOnlyForDeploymentPostprocessing = 0;
		};
/* End PBXFrameworksBuildPhase section */

/* Begin PBXGroup section */
		5B41B6D424FC33070058C150 = {
			isa = PBXGroup;
			children = (
				5B41B6DF24FC33080058C150 /* PitchPerfect2 */,
				5B41B6F624FC33280058C150 /* PitchPerfect2Tests */,
				5B41B70124FC33280058C150 /* PitchPerfect2UITests */,
				5B41B6DE24FC33080058C150 /* Products */,
			);
			sourceTree = "<group>";
		};
		5B41B6DE24FC33080058C150 /* Products */ = {
			isa = PBXGroup;
			children = (
				5B41B6DD24FC33070058C150 /* PitchPerfect2.app */,
				5B41B6F324FC33280058C150 /* PitchPerfect2Tests.xctest */,
				5B41B6FE24FC33280058C150 /* PitchPerfect2UITests.xctest */,
			);
			name = Products;
			sourceTree = "<group>";
		};
		5B41B6DF24FC33080058C150 /* PitchPerfect2 */ = {
			isa = PBXGroup;
			children = (
				5B41B6E024FC33080058C150 /* AppDelegate.swift */,
				5B41B6E224FC33080058C150 /* SceneDelegate.swift */,
				5B41B6E424FC33080058C150 /* RecordSoundsViewController.swift */,
				5B41B6E624FC33080058C150 /* Main.storyboard */,
				5B41B6E924FC33260058C150 /* Assets.xcassets */,
				5B41B6EB24FC33260058C150 /* LaunchScreen.storyboard */,
				5B41B6EE24FC33260058C150 /* Info.plist */,
				5BA6D6522516E4FF00058C36 /* PlaySoundsViewController.swift */,
				5BD083AB2517F6D40080EC15 /* playsoundsviewcontroller-audio.swift */,
			);
			path = PitchPerfect2;
			sourceTree = "<group>";
		};
		5B41B6F624FC33280058C150 /* PitchPerfect2Tests */ = {
			isa = PBXGroup;
			children = (
				5B41B6F724FC33280058C150 /* PitchPerfect2Tests.swift */,
				5B41B6F924FC33280058C150 /* Info.plist */,
			);
			path = PitchPerfect2Tests;
			sourceTree = "<group>";
		};
		5B41B70124FC33280058C150 /* PitchPerfect2UITests */ = {
			isa = PBXGroup;
			children = (
				5B41B70224FC33280058C150 /* PitchPerfect2UITests.swift */,
				5B41B70424FC33280058C150 /* Info.plist */,
			);
			path = PitchPerfect2UITests;
			sourceTree = "<group>";
		};
/* End PBXGroup section */

/* Begin PBXNativeTarget section */
		5B41B6DC24FC33070058C150 /* PitchPerfect2 */ = {
			isa = PBXNativeTarget;
			buildConfigurationList = 5B41B70724FC33280058C150 /* Build configuration list for PBXNativeTarget "PitchPerfect2" */;
			buildPhases = (
				5B41B6D924FC33070058C150 /* Sources */,
				5B41B6DA24FC33070058C150 /* Frameworks */,
				5B41B6DB24FC33070058C150 /* Resources */,
			);
			buildRules = (
			);
			dependencies = (
			);
			name = PitchPerfect2;
			productName = PitchPerfect2;
			productReference = 5B41B6DD24FC33070058C150 /* PitchPerfect2.app */;
			productType = "com.apple.product-type.application";
		};
		5B41B6F224FC33280058C150 /* PitchPerfect2Tests */ = {
			isa = PBXNativeTarget;
			buildConfigurationList = 5B41B70A24FC33280058C150 /* Build configuration list for PBXNativeTarget "PitchPerfect2Tests" */;
			buildPhases = (
				5B41B6EF24FC33280058C150 /* Sources */,
				5B41B6F024FC33280058C150 /* Frameworks */,
				5B41B6F124FC33280058C150 /* Resources */,
			);
			buildRules = (
			);
			dependencies = (
				5B41B6F524FC33280058C150 /* PBXTargetDependency */,
			);
			name = PitchPerfect2Tests;
			productName = PitchPerfect2Tests;
			productReference = 5B41B6F324FC33280058C150 /* PitchPerfect2Tests.xctest */;
			productType = "com.apple.product-type.bundle.unit-test";
		};
		5B41B6FD24FC33280058C150 /* PitchPerfect2UITests */ = {
			isa = PBXNativeTarget;
			buildConfigurationList = 5B41B70D24FC33280058C150 /* Build configuration list for PBXNativeTarget "PitchPerfect2UITests" */;
			buildPhases = (
				5B41B6FA24FC33280058C150 /* Sources */,
				5B41B6FB24FC33280058C150 /* Frameworks */,
				5B41B6FC24FC33280058C150 /* Resources */,
			);
			buildRules = (
			);
			dependencies = (
				5B41B70024FC33280058C150 /* PBXTargetDependency */,
			);
			name = PitchPerfect2UITests;
			productName = PitchPerfect2UITests;
			productReference = 5B41B6FE24FC33280058C150 /* PitchPerfect2UITests.xctest */;
			productType = "com.apple.product-type.bundle.ui-testing";
		};
/* End PBXNativeTarget section */

/* Begin PBXProject section */
		5B41B6D524FC33070058C150 /* Project object */ = {
			isa = PBXProject;
			attributes = {
				LastSwiftUpdateCheck = 1160;
				LastUpgradeCheck = 1200;
				ORGANIZATIONNAME = "Jeffrey Kalmanek";
				TargetAttributes = {
					5B41B6DC24FC33070058C150 = {
						CreatedOnToolsVersion = 11.6;
					};
					5B41B6F224FC33280058C150 = {
						CreatedOnToolsVersion = 11.6;
						TestTargetID = 5B41B6DC24FC33070058C150;
					};
					5B41B6FD24FC33280058C150 = {
						CreatedOnToolsVersion = 11.6;
						TestTargetID = 5B41B6DC24FC33070058C150;
					};
				};
			};
			buildConfigurationList = 5B41B6D824FC33070058C150 /* Build configuration list for PBXProject "PitchPerfect2" */;
			compatibilityVersion = "Xcode 9.3";
			developmentRegion = en;
			hasScannedForEncodings = 0;
			knownRegions = (
				en,
				Base,
			);
			mainGroup = 5B41B6D424FC33070058C150;
			productRefGroup = 5B41B6DE24FC33080058C150 /* Products */;
			projectDirPath = "";
			projectRoot = "";
			targets = (
				5B41B6DC24FC33070058C150 /* PitchPerfect2 */,
				5B41B6F224FC33280058C150 /* PitchPerfect2Tests */,
				5B41B6FD24FC33280058C150 /* PitchPerfect2UITests */,
			);
		};
/* End PBXProject section */

/* Begin PBXResourcesBuildPhase section */
		5B41B6DB24FC33070058C150 /* Resources */ = {
			isa = PBXResourcesBuildPhase;
			buildActionMask = 2147483647;
			files = (
				5B41B6ED24FC33260058C150 /* LaunchScreen.storyboard in Resources */,
				5B41B6EA24FC33260058C150 /* Assets.xcassets in Resources */,
				5B41B6E824FC33080058C150 /* Main.storyboard in Resources */,
			);
			runOnlyForDeploymentPostprocessing = 0;
		};
		5B41B6F124FC33280058C150 /* Resources */ = {
			isa = PBXResourcesBuildPhase;
			buildActionMask = 2147483647;
			files = (
			);
			runOnlyForDeploymentPostprocessing = 0;
		};
		5B41B6FC24FC33280058C150 /* Resources */ = {
			isa = PBXResourcesBuildPhase;
			buildActionMask = 2147483647;
			files = (
			);
			runOnlyForDeploymentPostprocessing = 0;
		};
/* End PBXResourcesBuildPhase section */

/* Begin PBXSourcesBuildPhase section */
		5B41B6D924FC33070058C150 /* Sources */ = {
			isa = PBXSourcesBuildPhase;
			buildActionMask = 2147483647;
			files = (
				5B41B6E524FC33080058C150 /* RecordSoundsViewController.swift in Sources */,
				5BD083AC2517F6D40080EC15 /* playsoundsviewcontroller-audio.swift in Sources */,
				5B41B6E124FC33080058C150 /* AppDelegate.swift in Sources */,
				5BA6D6532516E4FF00058C36 /* PlaySoundsViewController.swift in Sources */,
				5B41B6E324FC33080058C150 /* SceneDelegate.swift in Sources */,
			);
			runOnlyForDeploymentPostprocessing = 0;
		};
		5B41B6EF24FC33280058C150 /* Sources */ = {
			isa = PBXSourcesBuildPhase;
			buildActionMask = 2147483647;
			files = (
				5B41B6F824FC33280058C150 /* PitchPerfect2Tests.swift in Sources */,
			);
			runOnlyForDeploymentPostprocessing = 0;
		};
		5B41B6FA24FC33280058C150 /* Sources */ = {
			isa = PBXSourcesBuildPhase;
			buildActionMask = 2147483647;
			files = (
				5B41B70324FC33280058C150 /* PitchPerfect2UITests.swift in Sources */,
			);
			runOnlyForDeploymentPostprocessing = 0;
		};
/* End PBXSourcesBuildPhase section */

/* Begin PBXTargetDependency section */
		5B41B6F524FC33280058C150 /* PBXTargetDependency */ = {
			isa = PBXTargetDependency;
			target = 5B41B6DC24FC33070058C150 /* PitchPerfect2 */;
			targetProxy = 5B41B6F424FC33280058C150 /* PBXContainerItemProxy */;
		};
		5B41B70024FC33280058C150 /* PBXTargetDependency */ = {
			isa = PBXTargetDependency;
			target = 5B41B6DC24FC33070058C150 /* PitchPerfect2 */;
			targetProxy = 5B41B6FF24FC33280058C150 /* PBXContainerItemProxy */;
		};
/* End PBXTargetDependency section */

/* Begin PBXVariantGroup section */
		5B41B6E624FC33080058C150 /* Main.storyboard */ = {
			isa = PBXVariantGroup;
			children = (
				5B41B6E724FC33080058C150 /* Base */,
			);
			name = Main.storyboard;
			sourceTree = "<group>";
		};
		5B41B6EB24FC33260058C150 /* LaunchScreen.storyboard */ = {
			isa = PBXVariantGroup;
			children = (
				5B41B6EC24FC33260058C150 /* Base */,
			);
			name = LaunchScreen.storyboard;
			sourceTree = "<group>";
		};
/* End PBXVariantGroup section */

/* Begin XCBuildConfiguration section */
		5B41B70524FC33280058C150 /* Debug */ = {
			isa = XCBuildConfiguration;
			buildSettings = {
				ALWAYS_SEARCH_USER_PATHS = NO;
				CLANG_ANALYZER_NONNULL = YES;
				CLANG_ANALYZER_NUMBER_OBJECT_CONVERSION = YES_AGGRESSIVE;
				CLANG_CXX_LANGUAGE_STANDARD = "gnu++14";
				CLANG_CXX_LIBRARY = "libc++";
				CLANG_ENABLE_MODULES = YES;
				CLANG_ENABLE_OBJC_ARC = YES;
				CLANG_ENABLE_OBJC_WEAK = YES;
				CLANG_WARN_BLOCK_CAPTURE_AUTORELEASING = YES;
				CLANG_WARN_BOOL_CONVERSION = YES;
				CLANG_WARN_COMMA = YES;
				CLANG_WARN_CONSTANT_CONVERSION = YES;
				CLANG_WARN_DEPRECATED_OBJC_IMPLEMENTATIONS = YES;
				CLANG_WARN_DIRECT_OBJC_ISA_USAGE = YES_ERROR;
				CLANG_WARN_DOCUMENTATION_COMMENTS = YES;
				CLANG_WARN_EMPTY_BODY = YES;
				CLANG_WARN_ENUM_CONVERSION = YES;
				CLANG_WARN_INFINITE_RECURSION = YES;
				CLANG_WARN_INT_CONVERSION = YES;
				CLANG_WARN_NON_LITERAL_NULL_CONVERSION = YES;
				CLANG_WARN_OBJC_IMPLICIT_RETAIN_SELF = YES;
				CLANG_WARN_OBJC_LITERAL_CONVERSION = YES;
				CLANG_WARN_OBJC_ROOT_CLASS = YES_ERROR;
				CLANG_WARN_QUOTED_INCLUDE_IN_FRAMEWORK_HEADER = YES;
				CLANG_WARN_RANGE_LOOP_ANALYSIS = YES;
				CLANG_WARN_STRICT_PROTOTYPES = YES;
				CLANG_WARN_SUSPICIOUS_MOVE = YES;
				CLANG_WARN_UNGUARDED_AVAILABILITY = YES_AGGRESSIVE;
				CLANG_WARN_UNREACHABLE_CODE = YES;
				CLANG_WARN__DUPLICATE_METHOD_MATCH = YES;
				COPY_PHASE_STRIP = NO;
				DEBUG_INFORMATION_FORMAT = dwarf;
				ENABLE_STRICT_OBJC_MSGSEND = YES;
				ENABLE_TESTABILITY = YES;
				GCC_C_LANGUAGE_STANDARD = gnu11;
				GCC_DYNAMIC_NO_PIC = NO;
				GCC_NO_COMMON_BLOCKS = YES;
				GCC_OPTIMIZATION_LEVEL = 0;
				GCC_PREPROCESSOR_DEFINITIONS = (
					"DEBUG=1",
					"$(inherited)",
				);
				GCC_WARN_64_TO_32_BIT_CONVERSION = YES;
				GCC_WARN_ABOUT_RETURN_TYPE = YES_ERROR;
				GCC_WARN_UNDECLARED_SELECTOR = YES;
				GCC_WARN_UNINITIALIZED_AUTOS = YES_AGGRESSIVE;
				GCC_WARN_UNUSED_FUNCTION = YES;
				GCC_WARN_UNUSED_VARIABLE = YES;
				IPHONEOS_DEPLOYMENT_TARGET = 13.6;
				MTL_ENABLE_DEBUG_INFO = INCLUDE_SOURCE;
				MTL_FAST_MATH = YES;
				ONLY_ACTIVE_ARCH = YES;
				SDKROOT = iphoneos;
				SWIFT_ACTIVE_COMPILATION_CONDITIONS = DEBUG;
				SWIFT_OPTIMIZATION_LEVEL = "-Onone";
			};
			name = Debug;
		};
		5B41B70624FC33280058C150 /* Release */ = {
			isa = XCBuildConfiguration;
			buildSettings = {
				ALWAYS_SEARCH_USER_PATHS = NO;
				CLANG_ANALYZER_NONNULL = YES;
				CLANG_ANALYZER_NUMBER_OBJECT_CONVERSION = YES_AGGRESSIVE;
				CLANG_CXX_LANGUAGE_STANDARD = "gnu++14";
				CLANG_CXX_LIBRARY = "libc++";
				CLANG_ENABLE_MODULES = YES;
				CLANG_ENABLE_OBJC_ARC = YES;
				CLANG_ENABLE_OBJC_WEAK = YES;
				CLANG_WARN_BLOCK_CAPTURE_AUTORELEASING = YES;
				CLANG_WARN_BOOL_CONVERSION = YES;
				CLANG_WARN_COMMA = YES;
				CLANG_WARN_CONSTANT_CONVERSION = YES;
				CLANG_WARN_DEPRECATED_OBJC_IMPLEMENTATIONS = YES;
				CLANG_WARN_DIRECT_OBJC_ISA_USAGE = YES_ERROR;
				CLANG_WARN_DOCUMENTATION_COMMENTS = YES;
				CLANG_WARN_EMPTY_BODY = YES;
				CLANG_WARN_ENUM_CONVERSION = YES;
				CLANG_WARN_INFINITE_RECURSION = YES;
				CLANG_WARN_INT_CONVERSION = YES;
				CLANG_WARN_NON_LITERAL_NULL_CONVERSION = YES;
				CLANG_WARN_OBJC_IMPLICIT_RETAIN_SELF = YES;
				CLANG_WARN_OBJC_LITERAL_CONVERSION = YES;
				CLANG_WARN_OBJC_ROOT_CLASS = YES_ERROR;
				CLANG_WARN_QUOTED_INCLUDE_IN_FRAMEWORK_HEADER = YES;
				CLANG_WARN_RANGE_LOOP_ANALYSIS = YES;
				CLANG_WARN_STRICT_PROTOTYPES = YES;
				CLANG_WARN_SUSPICIOUS_MOVE = YES;
				CLANG_WARN_UNGUARDED_AVAILABILITY = YES_AGGRESSIVE;
				CLANG_WARN_UNREACHABLE_CODE = YES;
				CLANG_WARN__DUPLICATE_METHOD_MATCH = YES;
				COPY_PHASE_STRIP = NO;
				DEBUG_INFORMATION_FORMAT = "dwarf-with-dsym";
				ENABLE_NS_ASSERTIONS = NO;
				ENABLE_STRICT_OBJC_MSGSEND = YES;
				GCC_C_LANGUAGE_STANDARD = gnu11;
				GCC_NO_COMMON_BLOCKS = YES;
				GCC_WARN_64_TO_32_BIT_CONVERSION = YES;
				GCC_WARN_ABOUT_RETURN_TYPE = YES_ERROR;
				GCC_WARN_UNDECLARED_SELECTOR = YES;
				GCC_WARN_UNINITIALIZED_AUTOS = YES_AGGRESSIVE;
				GCC_WARN_UNUSED_FUNCTION = YES;
				GCC_WARN_UNUSED_VARIABLE = YES;
				IPHONEOS_DEPLOYMENT_TARGET = 13.6;
				MTL_ENABLE_DEBUG_INFO = NO;
				MTL_FAST_MATH = YES;
				SDKROOT = iphoneos;
				SWIFT_COMPILATION_MODE = wholemodule;
				SWIFT_OPTIMIZATION_LEVEL = "-O";
				VALIDATE_PRODUCT = YES;
			};
			name = Release;
		};
		5B41B70824FC33280058C150 /* Debug */ = {
			isa = XCBuildConfiguration;
			buildSettings = {
				ASSETCATALOG_COMPILER_APPICON_NAME = AppIcon;
				CODE_SIGN_STYLE = Automatic;
				DEVELOPMENT_TEAM = QPWPR49W2A;
				INFOPLIST_FILE = PitchPerfect2/Info.plist;
				LD_RUNPATH_SEARCH_PATHS = (
					"$(inherited)",
					"@executable_path/Frameworks",
				);
				PRODUCT_BUNDLE_IDENTIFIER = motherShip.PitchPerfect2;
				PRODUCT_NAME = "$(TARGET_NAME)";
				SWIFT_VERSION = 5.0;
				TARGETED_DEVICE_FAMILY = "1,2";
			};
			name = Debug;
		};
		5B41B70924FC33280058C150 /* Release */ = {
			isa = XCBuildConfiguration;
			buildSettings = {
				ASSETCATALOG_COMPILER_APPICON_NAME = AppIcon;
				CODE_SIGN_STYLE = Automatic;
				DEVELOPMENT_TEAM = QPWPR49W2A;
				INFOPLIST_FILE = PitchPerfect2/Info.plist;
				LD_RUNPATH_SEARCH_PATHS = (
					"$(inherited)",
					"@executable_path/Frameworks",
				);
				PRODUCT_BUNDLE_IDENTIFIER = motherShip.PitchPerfect2;
				PRODUCT_NAME = "$(TARGET_NAME)";
				SWIFT_VERSION = 5.0;
				TARGETED_DEVICE_FAMILY = "1,2";
			};
			name = Release;
		};
		5B41B70B24FC33280058C150 /* Debug */ = {
			isa = XCBuildConfiguration;
			buildSettings = {
				ALWAYS_EMBED_SWIFT_STANDARD_LIBRARIES = YES;
				BUNDLE_LOADER = "$(TEST_HOST)";
				CODE_SIGN_STYLE = Automatic;
				DEVELOPMENT_TEAM = QPWPR49W2A;
				INFOPLIST_FILE = PitchPerfect2Tests/Info.plist;
				IPHONEOS_DEPLOYMENT_TARGET = 13.6;
				LD_RUNPATH_SEARCH_PATHS = (
					"$(inherited)",
					"@executable_path/Frameworks",
					"@loader_path/Frameworks",
				);
				PRODUCT_BUNDLE_IDENTIFIER = motherShip.PitchPerfect2Tests;
				PRODUCT_NAME = "$(TARGET_NAME)";
				SWIFT_VERSION = 5.0;
				TARGETED_DEVICE_FAMILY = "1,2";
				TEST_HOST = "$(BUILT_PRODUCTS_DIR)/PitchPerfect2.app/PitchPerfect2";
			};
			name = Debug;
		};
		5B41B70C24FC33280058C150 /* Release */ = {
			isa = XCBuildConfiguration;
			buildSettings = {
				ALWAYS_EMBED_SWIFT_STANDARD_LIBRARIES = YES;
				BUNDLE_LOADER = "$(TEST_HOST)";
				CODE_SIGN_STYLE = Automatic;
				DEVELOPMENT_TEAM = QPWPR49W2A;
				INFOPLIST_FILE = PitchPerfect2Tests/Info.plist;
				IPHONEOS_DEPLOYMENT_TARGET = 13.6;
				LD_RUNPATH_SEARCH_PATHS = (
					"$(inherited)",
					"@executable_path/Frameworks",
					"@loader_path/Frameworks",
				);
				PRODUCT_BUNDLE_IDENTIFIER = motherShip.PitchPerfect2Tests;
				PRODUCT_NAME = "$(TARGET_NAME)";
				SWIFT_VERSION = 5.0;
				TARGETED_DEVICE_FAMILY = "1,2";
				TEST_HOST = "$(BUILT_PRODUCTS_DIR)/PitchPerfect2.app/PitchPerfect2";
			};
			name = Release;
		};
		5B41B70E24FC33280058C150 /* Debug */ = {
			isa = XCBuildConfiguration;
			buildSettings = {
				ALWAYS_EMBED_SWIFT_STANDARD_LIBRARIES = YES;
				CODE_SIGN_STYLE = Automatic;
				DEVELOPMENT_TEAM = QPWPR49W2A;
				INFOPLIST_FILE = PitchPerfect2UITests/Info.plist;
				LD_RUNPATH_SEARCH_PATHS = (
					"$(inherited)",
					"@executable_path/Frameworks",
					"@loader_path/Frameworks",
				);
				PRODUCT_BUNDLE_IDENTIFIER = motherShip.PitchPerfect2UITests;
				PRODUCT_NAME = "$(TARGET_NAME)";
				SWIFT_VERSION = 5.0;
				TARGETED_DEVICE_FAMILY = "1,2";
				TEST_TARGET_NAME = PitchPerfect2;
			};
			name = Debug;
		};
		5B41B70F24FC33280058C150 /* Release */ = {
			isa = XCBuildConfiguration;
			buildSettings = {
				ALWAYS_EMBED_SWIFT_STANDARD_LIBRARIES = YES;
				CODE_SIGN_STYLE = Automatic;
				DEVELOPMENT_TEAM = QPWPR49W2A;
				INFOPLIST_FILE = PitchPerfect2UITests/Info.plist;
				LD_RUNPATH_SEARCH_PATHS = (
					"$(inherited)",
					"@executable_path/Frameworks",
					"@loader_path/Frameworks",
				);
				PRODUCT_BUNDLE_IDENTIFIER = motherShip.PitchPerfect2UITests;
				PRODUCT_NAME = "$(TARGET_NAME)";
				SWIFT_VERSION = 5.0;
				TARGETED_DEVICE_FAMILY = "1,2";
				TEST_TARGET_NAME = PitchPerfect2;
			};
			name = Release;
		};
/* End XCBuildConfiguration section */

/* Begin XCConfigurationList section */
		5B41B6D824FC33070058C150 /* Build configuration list for PBXProject "PitchPerfect2" */ = {
			isa = XCConfigurationList;
			buildConfigurations = (
				5B41B70524FC33280058C150 /* Debug */,
				5B41B70624FC33280058C150 /* Release */,
			);
			defaultConfigurationIsVisible = 0;
			defaultConfigurationName = Release;
		};
		5B41B70724FC33280058C150 /* Build configuration list for PBXNativeTarget "PitchPerfect2" */ = {
			isa = XCConfigurationList;
			buildConfigurations = (
				5B41B70824FC33280058C150 /* Debug */,
				5B41B70924FC33280058C150 /* Release */,
			);
			defaultConfigurationIsVisible = 0;
			defaultConfigurationName = Release;
		};
		5B41B70A24FC33280058C150 /* Build configuration list for PBXNativeTarget "PitchPerfect2Tests" */ = {
			isa = XCConfigurationList;
			buildConfigurations = (
				5B41B70B24FC33280058C150 /* Debug */,
				5B41B70C24FC33280058C150 /* Release */,
			);
			defaultConfigurationIsVisible = 0;
			defaultConfigurationName = Release;
		};
		5B41B70D24FC33280058C150 /* Build configuration list for PBXNativeTarget "PitchPerfect2UITests" */ = {
			isa = XCConfigurationList;
			buildConfigurations = (
				5B41B70E24FC33280058C150 /* Debug */,
				5B41B70F24FC33280058C150 /* Release */,
			);
			defaultConfigurationIsVisible = 0;
			defaultConfigurationName = Release;
		};
/* End XCConfigurationList section */
	};
	rootObject = 5B41B6D524FC33070058C150 /* Project object */;
}
